// !$*UTF8*$!
{
	archiveVersion = 1;
	classes = {
	};
	objectVersion = 46;
	objects = {

/* Begin PBXBuildFile section */
		C89EA1311C168E22005DB270 /* AppDelegate.swift in Sources */ = {isa = PBXBuildFile; fileRef = C89EA1301C168E22005DB270 /* AppDelegate.swift */; };
		C89EA1331C168E22005DB270 /* ViewController.swift in Sources */ = {isa = PBXBuildFile; fileRef = C89EA1321C168E22005DB270 /* ViewController.swift */; };
		C89EA1361C168E22005DB270 /* Main.storyboard in Resources */ = {isa = PBXBuildFile; fileRef = C89EA1341C168E22005DB270 /* Main.storyboard */; };
		C89EA1381C168E22005DB270 /* Assets.xcassets in Resources */ = {isa = PBXBuildFile; fileRef = C89EA1371C168E22005DB270 /* Assets.xcassets */; };
		C89EA13B1C168E22005DB270 /* LaunchScreen.storyboard in Resources */ = {isa = PBXBuildFile; fileRef = C89EA1391C168E22005DB270 /* LaunchScreen.storyboard */; };
		C89EA1461C168E23005DB270 /* try_3Tests.swift in Sources */ = {isa = PBXBuildFile; fileRef = C89EA1451C168E23005DB270 /* try_3Tests.swift */; };
		C89EA1511C168E23005DB270 /* try_3UITests.swift in Sources */ = {isa = PBXBuildFile; fileRef = C89EA1501C168E23005DB270 /* try_3UITests.swift */; };
		C89EA15F1C168E99005DB270 /* secondViewController.swift in Sources */ = {isa = PBXBuildFile; fileRef = C89EA15E1C168E99005DB270 /* secondViewController.swift */; };
/* End PBXBuildFile section */

/* Begin PBXContainerItemProxy section */
		C89EA1421C168E23005DB270 /* PBXContainerItemProxy */ = {
			isa = PBXContainerItemProxy;
			containerPortal = C89EA1251C168E22005DB270 /* Project object */;
			proxyType = 1;
			remoteGlobalIDString = C89EA12C1C168E22005DB270;
			remoteInfo = try_3;
		};
		C89EA14D1C168E23005DB270 /* PBXContainerItemProxy */ = {
			isa = PBXContainerItemProxy;
			containerPortal = C89EA1251C168E22005DB270 /* Project object */;
			proxyType = 1;
			remoteGlobalIDString = C89EA12C1C168E22005DB270;
			remoteInfo = try_3;
		};
/* End PBXContainerItemProxy section */

/* Begin PBXFileReference section */
		C89EA12D1C168E22005DB270 /* try_3.app */ = {isa = PBXFileReference; explicitFileType = wrapper.application; includeInIndex = 0; path = try_3.app; sourceTree = BUILT_PRODUCTS_DIR; };
		C89EA1301C168E22005DB270 /* AppDelegate.swift */ = {isa = PBXFileReference; lastKnownFileType = sourcecode.swift; path = AppDelegate.swift; sourceTree = "<group>"; };
		C89EA1321C168E22005DB270 /* ViewController.swift */ = {isa = PBXFileReference; lastKnownFileType = sourcecode.swift; path = ViewController.swift; sourceTree = "<group>"; };
		C89EA1351C168E22005DB270 /* Base */ = {isa = PBXFileReference; lastKnownFileType = file.storyboard; name = Base; path = Base.lproj/Main.storyboard; sourceTree = "<group>"; };
		C89EA1371C168E22005DB270 /* Assets.xcassets */ = {isa = PBXFileReference; lastKnownFileType = folder.assetcatalog; path = Assets.xcassets; sourceTree = "<group>"; };
		C89EA13A1C168E22005DB270 /* Base */ = {isa = PBXFileReference; lastKnownFileType = file.storyboard; name = Base; path = Base.lproj/LaunchScreen.storyboard; sourceTree = "<group>"; };
		C89EA13C1C168E22005DB270 /* Info.plist */ = {isa = PBXFileReference; lastKnownFileType = text.plist.xml; path = Info.plist; sourceTree = "<group>"; };
		C89EA1411C168E23005DB270 /* try_3Tests.xctest */ = {isa = PBXFileReference; explicitFileType = wrapper.cfbundle; includeInIndex = 0; path = try_3Tests.xctest; sourceTree = BUILT_PRODUCTS_DIR; };
		C89EA1451C168E23005DB270 /* try_3Tests.swift */ = {isa = PBXFileReference; lastKnownFileType = sourcecode.swift; path = try_3Tests.swift; sourceTree = "<group>"; };
		C89EA1471C168E23005DB270 /* Info.plist */ = {isa = PBXFileReference; lastKnownFileType = text.plist.xml; path = Info.plist; sourceTree = "<group>"; };
		C89EA14C1C168E23005DB270 /* try_3UITests.xctest */ = {isa = PBXFileReference; explicitFileType = wrapper.cfbundle; includeInIndex = 0; path = try_3UITests.xctest; sourceTree = BUILT_PRODUCTS_DIR; };
		C89EA1501C168E23005DB270 /* try_3UITests.swift */ = {isa = PBXFileReference; lastKnownFileType = sourcecode.swift; path = try_3UITests.swift; sourceTree = "<group>"; };
		C89EA1521C168E23005DB270 /* Info.plist */ = {isa = PBXFileReference; lastKnownFileType = text.plist.xml; path = Info.plist; sourceTree = "<group>"; };
		C89EA15E1C168E99005DB270 /* secondViewController.swift */ = {isa = PBXFileReference; fileEncoding = 4; lastKnownFileType = sourcecode.swift; path = secondViewController.swift; sourceTree = "<group>"; };
/* End PBXFileReference section */

/* Begin PBXFrameworksBuildPhase section */
		C89EA12A1C168E22005DB270 /* Frameworks */ = {
			isa = PBXFrameworksBuildPhase;
			buildActionMask = 2147483647;
			files = (
			);
			runOnlyForDeploymentPostprocessing = 0;
		};
		C89EA13E1C168E23005DB270 /* Frameworks */ = {
			isa = PBXFrameworksBuildPhase;
			buildActionMask = 2147483647;
			files = (
			);
			runOnlyForDeploymentPostprocessing = 0;
		};
		C89EA1491C168E23005DB270 /* Frameworks */ = {
			isa = PBXFrameworksBuildPhase;
			buildActionMask = 2147483647;
			files = (
			);
			runOnlyForDeploymentPostprocessing = 0;
		};
/* End PBXFrameworksBuildPhase section */

/* Begin PBXGroup section */
		C89EA1241C168E22005DB270 = {
			isa = PBXGroup;
			children = (
				C89EA12F1C168E22005DB270 /* try_3 */,
				C89EA1441C168E23005DB270 /* try_3Tests */,
				C89EA14F1C168E23005DB270 /* try_3UITests */,
				C89EA12E1C168E22005DB270 /* Products */,
			);
			sourceTree = "<group>";
		};
		C89EA12E1C168E22005DB270 /* Products */ = {
			isa = PBXGroup;
			children = (
				C89EA12D1C168E22005DB270 /* try_3.app */,
				C89EA1411C168E23005DB270 /* try_3Tests.xctest */,
				C89EA14C1C168E23005DB270 /* try_3UITests.xctest */,
			);
			name = Products;
			sourceTree = "<group>";
		};
		C89EA12F1C168E22005DB270 /* try_3 */ = {
			isa = PBXGroup;
			children = (
				C89EA1301C168E22005DB270 /* AppDelegate.swift */,
				C89EA1321C168E22005DB270 /* ViewController.swift */,
				C89EA1341C168E22005DB270 /* Main.storyboard */,
				C89EA15E1C168E99005DB270 /* secondViewController.swift */,
				C89EA1371C168E22005DB270 /* Assets.xcassets */,
				C89EA1391C168E22005DB270 /* LaunchScreen.storyboard */,
				C89EA13C1C168E22005DB270 /* Info.plist */,
			);
			path = try_3;
			sourceTree = "<group>";
		};
		C89EA1441C168E23005DB270 /* try_3Tests */ = {
			isa = PBXGroup;
			children = (
				C89EA1451C168E23005DB270 /* try_3Tests.swift */,
				C89EA1471C168E23005DB270 /* Info.plist */,
			);
			path = try_3Tests;
			sourceTree = "<group>";
		};
		C89EA14F1C168E23005DB270 /* try_3UITests */ = {
			isa = PBXGroup;
			children = (
				C89EA1501C168E23005DB270 /* try_3UITests.swift */,
				C89EA1521C168E23005DB270 /* Info.plist */,
			);
			path = try_3UITests;
			sourceTree = "<group>";
		};
/* End PBXGroup section */

/* Begin PBXNativeTarget section */
		C89EA12C1C168E22005DB270 /* try_3 */ = {
			isa = PBXNativeTarget;
			buildConfigurationList = C89EA1551C168E23005DB270 /* Build configuration list for PBXNativeTarget "try_3" */;
			buildPhases = (
				C89EA1291C168E22005DB270 /* Sources */,
				C89EA12A1C168E22005DB270 /* Frameworks */,
				C89EA12B1C168E22005DB270 /* Resources */,
			);
			buildRules = (
			);
			dependencies = (
			);
			name = try_3;
			productName = try_3;
			productReference = C89EA12D1C168E22005DB270 /* try_3.app */;
			productType = "com.apple.product-type.application";
		};
		C89EA1401C168E23005DB270 /* try_3Tests */ = {
			isa = PBXNativeTarget;
			buildConfigurationList = C89EA1581C168E23005DB270 /* Build configuration list for PBXNativeTarget "try_3Tests" */;
			buildPhases = (
				C89EA13D1C168E23005DB270 /* Sources */,
				C89EA13E1C168E23005DB270 /* Frameworks */,
				C89EA13F1C168E23005DB270 /* Resources */,
			);
			buildRules = (
			);
			dependencies = (
				C89EA1431C168E23005DB270 /* PBXTargetDependency */,
			);
			name = try_3Tests;
			productName = try_3Tests;
			productReference = C89EA1411C168E23005DB270 /* try_3Tests.xctest */;
			productType = "com.apple.product-type.bundle.unit-test";
		};
		C89EA14B1C168E23005DB270 /* try_3UITests */ = {
			isa = PBXNativeTarget;
			buildConfigurationList = C89EA15B1C168E23005DB270 /* Build configuration list for PBXNativeTarget "try_3UITests" */;
			buildPhases = (
				C89EA1481C168E23005DB270 /* Sources */,
				C89EA1491C168E23005DB270 /* Frameworks */,
				C89EA14A1C168E23005DB270 /* Resources */,
			);
			buildRules = (
			);
			dependencies = (
				C89EA14E1C168E23005DB270 /* PBXTargetDependency */,
			);
			name = try_3UITests;
			productName = try_3UITests;
			productReference = C89EA14C1C168E23005DB270 /* try_3UITests.xctest */;
			productType = "com.apple.product-type.bundle.ui-testing";
		};
/* End PBXNativeTarget section */

/* Begin PBXProject section */
		C89EA1251C168E22005DB270 /* Project object */ = {
			isa = PBXProject;
			attributes = {
				LastSwiftUpdateCheck = 0710;
				LastUpgradeCheck = 0710;
				ORGANIZATIONNAME = "Larsen & McDermott Enterprises, LLC";
				TargetAttributes = {
					C89EA12C1C168E22005DB270 = {
						CreatedOnToolsVersion = 7.1.1;
					};
					C89EA1401C168E23005DB270 = {
						CreatedOnToolsVersion = 7.1.1;
						TestTargetID = C89EA12C1C168E22005DB270;
					};
					C89EA14B1C168E23005DB270 = {
						CreatedOnToolsVersion = 7.1.1;
						TestTargetID = C89EA12C1C168E22005DB270;
					};
				};
			};
			buildConfigurationList = C89EA1281C168E22005DB270 /* Build configuration list for PBXProject "try_3" */;
			compatibilityVersion = "Xcode 3.2";
			developmentRegion = English;
			hasScannedForEncodings = 0;
			knownRegions = (
				en,
				Base,
			);
			mainGroup = C89EA1241C168E22005DB270;
			productRefGroup = C89EA12E1C168E22005DB270 /* Products */;
			projectDirPath = "";
			projectRoot = "";
			targets = (
				C89EA12C1C168E22005DB270 /* try_3 */,
				C89EA1401C168E23005DB270 /* try_3Tests */,
				C89EA14B1C168E23005DB270 /* try_3UITests */,
			);
		};
/* End PBXProject section */

/* Begin PBXResourcesBuildPhase section */
		C89EA12B1C168E22005DB270 /* Resources */ = {
			isa = PBXResourcesBuildPhase;
			buildActionMask = 2147483647;
			files = (
				C89EA13B1C168E22005DB270 /* LaunchScreen.storyboard in Resources */,
				C89EA1381C168E22005DB270 /* Assets.xcassets in Resources */,
				C89EA1361C168E22005DB270 /* Main.storyboard in Resources */,
			);
			runOnlyForDeploymentPostprocessing = 0;
		};
		C89EA13F1C168E23005DB270 /* Resources */ = {
			isa = PBXResourcesBuildPhase;
			buildActionMask = 2147483647;
			files = (
			);
			runOnlyForDeploymentPostprocessing = 0;
		};
		C89EA14A1C168E23005DB270 /* Resources */ = {
			isa = PBXResourcesBuildPhase;
			buildActionMask = 2147483647;
			files = (
			);
			runOnlyForDeploymentPostprocessing = 0;
		};
/* End PBXResourcesBuildPhase section */

/* Begin PBXSourcesBuildPhase section */
		C89EA1291C168E22005DB270 /* Sources */ = {
			isa = PBXSourcesBuildPhase;
			buildActionMask = 2147483647;
			files = (
				C89EA1331C168E22005DB270 /* ViewController.swift in Sources */,
				C89EA15F1C168E99005DB270 /* secondViewController.swift in Sources */,
				C89EA1311C168E22005DB270 /* AppDelegate.swift in Sources */,
			);
			runOnlyForDeploymentPostprocessing = 0;
		};
		C89EA13D1C168E23005DB270 /* Sources */ = {
			isa = PBXSourcesBuildPhase;
			buildActionMask = 2147483647;
			files = (
				C89EA1461C168E23005DB270 /* try_3Tests.swift in Sources */,
			);
			runOnlyForDeploymentPostprocessing = 0;
		};
		C89EA1481C168E23005DB270 /* Sources */ = {
			isa = PBXSourcesBuildPhase;
			buildActionMask = 2147483647;
			files = (
				C89EA1511C168E23005DB270 /* try_3UITests.swift in Sources */,
			);
			runOnlyForDeploymentPostprocessing = 0;
		};
/* End PBXSourcesBuildPhase section */

/* Begin PBXTargetDependency section */
		C89EA1431C168E23005DB270 /* PBXTargetDependency */ = {
			isa = PBXTargetDependency;
			target = C89EA12C1C168E22005DB270 /* try_3 */;
			targetProxy = C89EA1421C168E23005DB270 /* PBXContainerItemProxy */;
		};
		C89EA14E1C168E23005DB270 /* PBXTargetDependency */ = {
			isa = PBXTargetDependency;
			target = C89EA12C1C168E22005DB270 /* try_3 */;
			targetProxy = C89EA14D1C168E23005DB270 /* PBXContainerItemProxy */;
		};
/* End PBXTargetDependency section */

/* Begin PBXVariantGroup section */
		C89EA1341C168E22005DB270 /* Main.storyboard */ = {
			isa = PBXVariantGroup;
			children = (
				C89EA1351C168E22005DB270 /* Base */,
			);
			name = Main.storyboard;
			sourceTree = "<group>";
		};
		C89EA1391C168E22005DB270 /* LaunchScreen.storyboard */ = {
			isa = PBXVariantGroup;
			children = (
				C89EA13A1C168E22005DB270 /* Base */,
			);
			name = LaunchScreen.storyboard;
			sourceTree = "<group>";
		};
/* End PBXVariantGroup section */

/* Begin XCBuildConfiguration section */
		C89EA1531C168E23005DB270 /* Debug */ = {
			isa = XCBuildConfiguration;
			buildSettings = {
				ALWAYS_SEARCH_USER_PATHS = NO;
				CLANG_CXX_LANGUAGE_STANDARD = "gnu++0x";
				CLANG_CXX_LIBRARY = "libc++";
				CLANG_ENABLE_MODULES = YES;
				CLANG_ENABLE_OBJC_ARC = YES;
				CLANG_WARN_BOOL_CONVERSION = YES;
				CLANG_WARN_CONSTANT_CONVERSION = YES;
				CLANG_WARN_DIRECT_OBJC_ISA_USAGE = YES_ERROR;
				CLANG_WARN_EMPTY_BODY = YES;
				CLANG_WARN_ENUM_CONVERSION = YES;
				CLANG_WARN_INT_CONVERSION = YES;
				CLANG_WARN_OBJC_ROOT_CLASS = YES_ERROR;
				CLANG_WARN_UNREACHABLE_CODE = YES;
				CLANG_WARN__DUPLICATE_METHOD_MATCH = YES;
				"CODE_SIGN_IDENTITY[sdk=iphoneos*]" = "iPhone Developer";
				COPY_PHASE_STRIP = NO;
				DEBUG_INFORMATION_FORMAT = dwarf;
				ENABLE_STRICT_OBJC_MSGSEND = YES;
				ENABLE_TESTABILITY = YES;
				GCC_C_LANGUAGE_STANDARD = gnu99;
				GCC_DYNAMIC_NO_PIC = NO;
				GCC_NO_COMMON_BLOCKS = YES;
				GCC_OPTIMIZATION_LEVEL = 0;
				GCC_PREPROCESSOR_DEFINITIONS = (
					"DEBUG=1",
					"$(inherited)",
				);
				GCC_WARN_64_TO_32_BIT_CONVERSION = YES;
				GCC_WARN_ABOUT_RETURN_TYPE = YES_ERROR;
				GCC_WARN_UNDECLARED_SELECTOR = YES;
				GCC_WARN_UNINITIALIZED_AUTOS = YES_AGGRESSIVE;
				GCC_WARN_UNUSED_FUNCTION = YES;
				GCC_WARN_UNUSED_VARIABLE = YES;
				IPHONEOS_DEPLOYMENT_TARGET = 9.1;
				MTL_ENABLE_DEBUG_INFO = YES;
				ONLY_ACTIVE_ARCH = YES;
				SDKROOT = iphoneos;
				SWIFT_OPTIMIZATION_LEVEL = "-Onone";
			};
			name = Debug;
		};
		C89EA1541C168E23005DB270 /* Release */ = {
			isa = XCBuildConfiguration;
			buildSettings = {
				ALWAYS_SEARCH_USER_PATHS = NO;
				CLANG_CXX_LANGUAGE_STANDARD = "gnu++0x";
				CLANG_CXX_LIBRARY = "libc++";
				CLANG_ENABLE_MODULES = YES;
				CLANG_ENABLE_OBJC_ARC = YES;
				CLANG_WARN_BOOL_CONVERSION = YES;
				CLANG_WARN_CONSTANT_CONVERSION = YES;
				CLANG_WARN_DIRECT_OBJC_ISA_USAGE = YES_ERROR;
				CLANG_WARN_EMPTY_BODY = YES;
				CLANG_WARN_ENUM_CONVERSION = YES;
				CLANG_WARN_INT_CONVERSION = YES;
				CLANG_WARN_OBJC_ROOT_CLASS = YES_ERROR;
				CLANG_WARN_UNREACHABLE_CODE = YES;
				CLANG_WARN__DUPLICATE_METHOD_MATCH = YES;
				"CODE_SIGN_IDENTITY[sdk=iphoneos*]" = "iPhone Developer";
				COPY_PHASE_STRIP = NO;
				DEBUG_INFORMATION_FORMAT = "dwarf-with-dsym";
				ENABLE_NS_ASSERTIONS = NO;
				ENABLE_STRICT_OBJC_MSGSEND = YES;
				GCC_C_LANGUAGE_STANDARD = gnu99;
				GCC_NO_COMMON_BLOCKS = YES;
				GCC_WARN_64_TO_32_BIT_CONVERSION = YES;
				GCC_WARN_ABOUT_RETURN_TYPE = YES_ERROR;
				GCC_WARN_UNDECLARED_SELECTOR = YES;
				GCC_WARN_UNINITIALIZED_AUTOS = YES_AGGRESSIVE;
				GCC_WARN_UNUSED_FUNCTION = YES;
				GCC_WARN_UNUSED_VARIABLE = YES;
				IPHONEOS_DEPLOYMENT_TARGET = 9.1;
				MTL_ENABLE_DEBUG_INFO = NO;
				SDKROOT = iphoneos;
				VALIDATE_PRODUCT = YES;
			};
			name = Release;
		};
		C89EA1561C168E23005DB270 /* Debug */ = {
			isa = XCBuildConfiguration;
			buildSettings = {
				ASSETCATALOG_COMPILER_APPICON_NAME = AppIcon;
				INFOPLIST_FILE = try_3/Info.plist;
				LD_RUNPATH_SEARCH_PATHS = "$(inherited) @executable_path/Frameworks";
				PRODUCT_BUNDLE_IDENTIFIER = "com.larsenmcdermott.try-3";
				PRODUCT_NAME = "$(TARGET_NAME)";
			};
			name = Debug;
		};
		C89EA1571C168E23005DB270 /* Release */ = {
			isa = XCBuildConfiguration;
			buildSettings = {
				ASSETCATALOG_COMPILER_APPICON_NAME = AppIcon;
				INFOPLIST_FILE = try_3/Info.plist;
				LD_RUNPATH_SEARCH_PATHS = "$(inherited) @executable_path/Frameworks";
				PRODUCT_BUNDLE_IDENTIFIER = "com.larsenmcdermott.try-3";
				PRODUCT_NAME = "$(TARGET_NAME)";
			};
			name = Release;
		};
		C89EA1591C168E23005DB270 /* Debug */ = {
			isa = XCBuildConfiguration;
			buildSettings = {
				BUNDLE_LOADER = "$(TEST_HOST)";
				INFOPLIST_FILE = try_3Tests/Info.plist;
				LD_RUNPATH_SEARCH_PATHS = "$(inherited) @executable_path/Frameworks @loader_path/Frameworks";
				PRODUCT_BUNDLE_IDENTIFIER = "com.larsenmcdermott.try-3Tests";
				PRODUCT_NAME = "$(TARGET_NAME)";
				TEST_HOST = "$(BUILT_PRODUCTS_DIR)/try_3.app/try_3";
			};
			name = Debug;
		};
		C89EA15A1C168E23005DB270 /* Release */ = {
			isa = XCBuildConfiguration;
			buildSettings = {
				BUNDLE_LOADER = "$(TEST_HOST)";
				INFOPLIST_FILE = try_3Tests/Info.plist;
				LD_RUNPATH_SEARCH_PATHS = "$(inherited) @executable_path/Frameworks @loader_path/Frameworks";
				PRODUCT_BUNDLE_IDENTIFIER = "com.larsenmcdermott.try-3Tests";
				PRODUCT_NAME = "$(TARGET_NAME)";
				TEST_HOST = "$(BUILT_PRODUCTS_DIR)/try_3.app/try_3";
			};
			name = Release;
		};
		C89EA15C1C168E23005DB270 /* Debug */ = {
			isa = XCBuildConfiguration;
			buildSettings = {
				INFOPLIST_FILE = try_3UITests/Info.plist;
				LD_RUNPATH_SEARCH_PATHS = "$(inherited) @executable_path/Frameworks @loader_path/Frameworks";
				PRODUCT_BUNDLE_IDENTIFIER = "com.larsenmcdermott.try-3UITests";
				PRODUCT_NAME = "$(TARGET_NAME)";
				TEST_TARGET_NAME = try_3;
				USES_XCTRUNNER = YES;
			};
			name = Debug;
		};
		C89EA15D1C168E23005DB270 /* Release */ = {
			isa = XCBuildConfiguration;
			buildSettings = {
				INFOPLIST_FILE = try_3UITests/Info.plist;
				LD_RUNPATH_SEARCH_PATHS = "$(inherited) @executable_path/Frameworks @loader_path/Frameworks";
				PRODUCT_BUNDLE_IDENTIFIER = "com.larsenmcdermott.try-3UITests";
				PRODUCT_NAME = "$(TARGET_NAME)";
				TEST_TARGET_NAME = try_3;
				USES_XCTRUNNER = YES;
			};
			name = Release;
		};
/* End XCBuildConfiguration section */

/* Begin XCConfigurationList section */
		C89EA1281C168E22005DB270 /* Build configuration list for PBXProject "try_3" */ = {
			isa = XCConfigurationList;
			buildConfigurations = (
				C89EA1531C168E23005DB270 /* Debug */,
				C89EA1541C168E23005DB270 /* Release */,
			);
			defaultConfigurationIsVisible = 0;
			defaultConfigurationName = Release;
		};
		C89EA1551C168E23005DB270 /* Build configuration list for PBXNativeTarget "try_3" */ = {
			isa = XCConfigurationList;
			buildConfigurations = (
				C89EA1561C168E23005DB270 /* Debug */,
				C89EA1571C168E23005DB270 /* Release */,
			);
			defaultConfigurationIsVisible = 0;
		};
		C89EA1581C168E23005DB270 /* Build configuration list for PBXNativeTarget "try_3Tests" */ = {
			isa = XCConfigurationList;
			buildConfigurations = (
				C89EA1591C168E23005DB270 /* Debug */,
				C89EA15A1C168E23005DB270 /* Release */,
			);
			defaultConfigurationIsVisible = 0;
		};
		C89EA15B1C168E23005DB270 /* Build configuration list for PBXNativeTarget "try_3UITests" */ = {
			isa = XCConfigurationList;
			buildConfigurations = (
				C89EA15C1C168E23005DB270 /* Debug */,
				C89EA15D1C168E23005DB270 /* Release */,
			);
			defaultConfigurationIsVisible = 0;
		};
/* End XCConfigurationList section */
	};
	rootObject = C89EA1251C168E22005DB270 /* Project object */;
}
